
Microsoft Visual Studio Solution File, Format Version 12.00
# Visual Studio Version 17
VisualStudioVersion = 17.0.31903.59
MinimumVisualStudioVersion = 10.0.40219.1
Project("{FAE04EC0-301F-11D3-BF4B-00C04F79EFBC}") = "34DS", "34DS\34DS.csproj", "{33CFF633-7DE8-4C96-810D-F94536C11DFD}"
EndProject
Project("{FAE04EC0-301F-11D3-BF4B-00C04F79EFBC}") = "NPrimo", "NPrimo\NPrimo.csproj", "{44B5A47D-F245-4A32-9078-F42D3D206A6F}"
EndProject
Project("{FAE04EC0-301F-11D3-BF4B-00C04F79EFBC}") = "CorTerminal", "CorTerminal\CorTerminal.csproj", "{D541F69D-8B60-46D1-96E7-0E062FC83AAF}"
EndProject
Global
	GlobalSection(SolutionConfigurationPlatforms) = preSolution
		Debug|Any CPU = Debug|Any CPU
		Debug|x64 = Debug|x64
		Debug|x86 = Debug|x86
		Release|Any CPU = Release|Any CPU
		Release|x64 = Release|x64
		Release|x86 = Release|x86
	EndGlobalSection
	GlobalSection(ProjectConfigurationPlatforms) = postSolution
		{33CFF633-7DE8-4C96-810D-F94536C11DFD}.Debug|Any CPU.ActiveCfg = Debug|Any CPU
		{33CFF633-7DE8-4C96-810D-F94536C11DFD}.Debug|Any CPU.Build.0 = Debug|Any CPU
		{33CFF633-7DE8-4C96-810D-F94536C11DFD}.Debug|x64.ActiveCfg = Debug|Any CPU
		{33CFF633-7DE8-4C96-810D-F94536C11DFD}.Debug|x64.Build.0 = Debug|Any CPU
		{33CFF633-7DE8-4C96-810D-F94536C11DFD}.Debug|x86.ActiveCfg = Debug|Any CPU
		{33CFF633-7DE8-4C96-810D-F94536C11DFD}.Debug|x86.Build.0 = Debug|Any CPU
		{33CFF633-7DE8-4C96-810D-F94536C11DFD}.Release|Any CPU.ActiveCfg = Release|Any CPU
		{33CFF633-7DE8-4C96-810D-F94536C11DFD}.Release|Any CPU.Build.0 = Release|Any CPU
		{33CFF633-7DE8-4C96-810D-F94536C11DFD}.Release|x64.ActiveCfg = Release|Any CPU
		{33CFF633-7DE8-4C96-810D-F94536C11DFD}.Release|x64.Build.0 = Release|Any CPU
		{33CFF633-7DE8-4C96-810D-F94536C11DFD}.Release|x86.ActiveCfg = Release|Any CPU
		{33CFF633-7DE8-4C96-810D-F94536C11DFD}.Release|x86.Build.0 = Release|Any CPU
		{44B5A47D-F245-4A32-9078-F42D3D206A6F}.Debug|Any CPU.ActiveCfg = Debug|Any CPU
		{44B5A47D-F245-4A32-9078-F42D3D206A6F}.Debug|Any CPU.Build.0 = Debug|Any CPU
		{44B5A47D-F245-4A32-9078-F42D3D206A6F}.Debug|x64.ActiveCfg = Debug|Any CPU
		{44B5A47D-F245-4A32-9078-F42D3D206A6F}.Debug|x64.Build.0 = Debug|Any CPU
		{44B5A47D-F245-4A32-9078-F42D3D206A6F}.Debug|x86.ActiveCfg = Debug|Any CPU
		{44B5A47D-F245-4A32-9078-F42D3D206A6F}.Debug|x86.Build.0 = Debug|Any CPU
		{44B5A47D-F245-4A32-9078-F42D3D206A6F}.Release|Any CPU.ActiveCfg = Release|Any CPU
		{44B5A47D-F245-4A32-9078-F42D3D206A6F}.Release|Any CPU.Build.0 = Release|Any CPU
		{44B5A47D-F245-4A32-9078-F42D3D206A6F}.Release|x64.ActiveCfg = Release|Any CPU
		{44B5A47D-F245-4A32-9078-F42D3D206A6F}.Release|x64.Build.0 = Release|Any CPU
		{44B5A47D-F245-4A32-9078-F42D3D206A6F}.Release|x86.ActiveCfg = Release|Any CPU
		{44B5A47D-F245-4A32-9078-F42D3D206A6F}.Release|x86.Build.0 = Release|Any CPU
		{D541F69D-8B60-46D1-96E7-0E062FC83AAF}.Debug|Any CPU.ActiveCfg = Debug|Any CPU
		{D541F69D-8B60-46D1-96E7-0E062FC83AAF}.Debug|Any CPU.Build.0 = Debug|Any CPU
		{D541F69D-8B60-46D1-96E7-0E062FC83AAF}.Debug|x64.ActiveCfg = Debug|Any CPU
		{D541F69D-8B60-46D1-96E7-0E062FC83AAF}.Debug|x64.Build.0 = Debug|Any CPU
		{D541F69D-8B60-46D1-96E7-0E062FC83AAF}.Debug|x86.ActiveCfg = Debug|Any CPU
		{D541F69D-8B60-46D1-96E7-0E062FC83AAF}.Debug|x86.Build.0 = Debug|Any CPU
		{D541F69D-8B60-46D1-96E7-0E062FC83AAF}.Release|Any CPU.ActiveCfg = Release|Any CPU
		{D541F69D-8B60-46D1-96E7-0E062FC83AAF}.Release|Any CPU.Build.0 = Release|Any CPU
		{D541F69D-8B60-46D1-96E7-0E062FC83AAF}.Release|x64.ActiveCfg = Release|Any CPU
		{D541F69D-8B60-46D1-96E7-0E062FC83AAF}.Release|x64.Build.0 = Release|Any CPU
		{D541F69D-8B60-46D1-96E7-0E062FC83AAF}.Release|x86.ActiveCfg = Release|Any CPU
		{D541F69D-8B60-46D1-96E7-0E062FC83AAF}.Release|x86.Build.0 = Release|Any CPU
	EndGlobalSection
	GlobalSection(SolutionProperties) = preSolution
		HideSolutionNode = FALSE
	EndGlobalSection
EndGlobal
